# THIS IS AN AUTOGENERATED FILE. DO NOT EDIT THIS FILE DIRECTLY.
# yarn lockfile v1


"@types/minimatch@^3.0.3":
  version "3.0.3"
  resolved "https://registry.yarnpkg.com/@types/minimatch/-/minimatch-3.0.3.tgz#3dca0e3f33b200fc7d1139c0cd96c1268cadfd9d"

"@types/node@^9.4.6":
  version "9.4.6"
  resolved "https://registry.yarnpkg.com/@types/node/-/node-9.4.6.tgz#d8176d864ee48753d053783e4e463aec86b8d82e"

ast-types@0.9.4:
  version "0.9.4"
  resolved "https://registry.yarnpkg.com/ast-types/-/ast-types-0.9.4.tgz#410d1f81890aeb8e0a38621558ba5869ae53c91b"

aurelia-binding@^1.0.0:
  version "1.2.0"
  resolved "https://registry.yarnpkg.com/aurelia-binding/-/aurelia-binding-1.2.0.tgz#8c04dc8ffad63389ac5c8ce3b63a46d20526ad8c"
  dependencies:
    aurelia-logging "^1.0.0"
    aurelia-metadata "^1.0.0"
    aurelia-pal "^1.0.0"
    aurelia-task-queue "^1.0.0"

aurelia-dependency-injection@^1.0.0, aurelia-dependency-injection@^1.2.0:
  version "1.3.0"
  resolved "https://registry.yarnpkg.com/aurelia-dependency-injection/-/aurelia-dependency-injection-1.3.0.tgz#4759aee48ebfc8ed5d6c15010b5e3444cb250d7a"
  dependencies:
    aurelia-metadata "^1.0.0"
    aurelia-pal "^1.0.0"

aurelia-hot-module-reload@^0.1.0:
  version "0.1.0"
  resolved "https://registry.yarnpkg.com/aurelia-hot-module-reload/-/aurelia-hot-module-reload-0.1.0.tgz#fc39d5157a1c57fb66ebe3ec47b05923b7360008"
  dependencies:
    aurelia-dependency-injection "^1.2.0"
    aurelia-loader "^1.0.0"
    aurelia-metadata "^1.0.2"
    aurelia-pal "^1.0.0"
    aurelia-templating "^1.1.2"

aurelia-loader-webpack@^2.1.0:
  version "2.1.0"
  resolved "https://registry.yarnpkg.com/aurelia-loader-webpack/-/aurelia-loader-webpack-2.1.0.tgz#6d1c8d768eac07ed219771a64c7bb7d5902743cd"
  dependencies:
    aurelia-hot-module-reload "^0.1.0"
    aurelia-loader "^1.0.0"
    aurelia-metadata "^1.0.2"
    aurelia-pal "^1.1.1"

aurelia-loader@^1.0.0:
  version "1.0.0"
  resolved "https://registry.yarnpkg.com/aurelia-loader/-/aurelia-loader-1.0.0.tgz#b78c2a2813aa8e441247237dd66fd62e5d4e19ea"
  dependencies:
    aurelia-metadata "^1.0.0"
    aurelia-path "^1.0.0"

aurelia-logging@^1.0.0:
  version "1.3.0"
  resolved "https://registry.yarnpkg.com/aurelia-logging/-/aurelia-logging-1.3.0.tgz#dda68cb8e6cf8387b341aa68cae603406d9759a2"

aurelia-metadata@^1.0.0, aurelia-metadata@^1.0.2:
  version "1.0.3"
  resolved "https://registry.yarnpkg.com/aurelia-metadata/-/aurelia-metadata-1.0.3.tgz#1e8d59da188e2871a8ad749ba42ca85084a3f30e"
  dependencies:
    aurelia-pal "^1.0.0"

aurelia-pal@^1.0.0, aurelia-pal@^1.1.1:
  version "1.3.0"
  resolved "https://registry.yarnpkg.com/aurelia-pal/-/aurelia-pal-1.3.0.tgz#95d2b8da8fb318adb6019d320d1d2f9028f37f17"

aurelia-path@^1.0.0:
  version "1.1.1"
  resolved "https://registry.yarnpkg.com/aurelia-path/-/aurelia-path-1.1.1.tgz#caa9d20bc8515a5f9f286d9a3b18d81b2c85b0dd"

aurelia-task-queue@^1.0.0, aurelia-task-queue@^1.1.0:
  version "1.2.0"
  resolved "https://registry.yarnpkg.com/aurelia-task-queue/-/aurelia-task-queue-1.2.0.tgz#9233ac30ec10b620113bbab37024a28e61f59865"
  dependencies:
    aurelia-pal "^1.0.0"

aurelia-templating@^1.1.2:
  version "1.3.0"
  resolved "https://registry.yarnpkg.com/aurelia-templating/-/aurelia-templating-1.3.0.tgz#28c1f160bd5628635ccdc969da52101f738583ab"
  dependencies:
    aurelia-binding "^1.0.0"
    aurelia-dependency-injection "^1.0.0"
    aurelia-loader "^1.0.0"
    aurelia-logging "^1.0.0"
    aurelia-metadata "^1.0.0"
    aurelia-pal "^1.0.0"
    aurelia-path "^1.0.0"
    aurelia-task-queue "^1.1.0"

balanced-match@^0.4.1:
  version "0.4.2"
  resolved "https://registry.yarnpkg.com/balanced-match/-/balanced-match-0.4.2.tgz#cb3f3e3c732dc0f01ee70b403f302e61d7709838"

big.js@^3.1.3:
  version "3.1.3"
  resolved "https://registry.yarnpkg.com/big.js/-/big.js-3.1.3.tgz#4cada2193652eb3ca9ec8e55c9015669c9806978"

brace-expansion@^1.1.7:
  version "1.1.7"
  resolved "https://registry.yarnpkg.com/brace-expansion/-/brace-expansion-1.1.7.tgz#3effc3c50e000531fb720eaff80f0ae8ef23cf59"
  dependencies:
    balanced-match "^0.4.1"
    concat-map "0.0.1"

bundle-loader@^0.5.6:
  version "0.5.6"
  resolved "https://registry.yarnpkg.com/bundle-loader/-/bundle-loader-0.5.6.tgz#6c9042e62f1c89941458805a3a479d10f34c71fd"
  dependencies:
    loader-utils "^1.1.0"

camel-case@3.0.x:
  version "3.0.0"
  resolved "https://registry.yarnpkg.com/camel-case/-/camel-case-3.0.0.tgz#ca3c3688a4e9cf3a4cda777dc4dcbc713249cf73"
  dependencies:
    no-case "^2.2.0"
    upper-case "^1.1.1"

clean-css@4.1.x:
  version "4.1.9"
  resolved "https://registry.yarnpkg.com/clean-css/-/clean-css-4.1.9.tgz#35cee8ae7687a49b98034f70de00c4edd3826301"
  dependencies:
    source-map "0.5.x"

commander@2.14.x, commander@~2.14.1:
  version "2.14.1"
  resolved "https://registry.yarnpkg.com/commander/-/commander-2.14.1.tgz#2235123e37af8ca3c65df45b026dbd357b01b9aa"

concat-map@0.0.1:
  version "0.0.1"
  resolved "https://registry.yarnpkg.com/concat-map/-/concat-map-0.0.1.tgz#d8a96bd77fd68df7793a73036a3ba0d5405d477b"

emojis-list@^2.0.0:
  version "2.1.0"
  resolved "https://registry.yarnpkg.com/emojis-list/-/emojis-list-2.1.0.tgz#4daa4d9db00f9819880c79fa457ae5b09a1fd389"

es6-templates@^0.2.3:
  version "0.2.3"
  resolved "https://registry.yarnpkg.com/es6-templates/-/es6-templates-0.2.3.tgz#5cb9ac9fb1ded6eb1239342b81d792bbb4078ee4"
  dependencies:
    recast "~0.11.12"
    through "~2.3.6"

esprima@~3.1.0:
  version "3.1.3"
  resolved "https://registry.yarnpkg.com/esprima/-/esprima-3.1.3.tgz#fdca51cee6133895e3c88d535ce49dbff62a4633"

fastparse@^1.1.1:
  version "1.1.1"
  resolved "https://registry.yarnpkg.com/fastparse/-/fastparse-1.1.1.tgz#d1e2643b38a94d7583b479060e6c4affc94071f8"

he@1.1.x:
  version "1.1.1"
  resolved "https://registry.yarnpkg.com/he/-/he-1.1.1.tgz#93410fd21b009735151f8868c2f271f3427e23fd"

html-loader@^0.5.5:
  version "0.5.5"
  resolved "https://registry.yarnpkg.com/html-loader/-/html-loader-0.5.5.tgz#6356dbeb0c49756d8ebd5ca327f16ff06ab5faea"
  dependencies:
    es6-templates "^0.2.3"
    fastparse "^1.1.1"
    html-minifier "^3.5.8"
    loader-utils "^1.1.0"
    object-assign "^4.1.1"

html-minifier@^3.5.8:
  version "3.5.9"
  resolved "https://registry.yarnpkg.com/html-minifier/-/html-minifier-3.5.9.tgz#74424014b872598d4bb0e20ac420926ec61024b6"
  dependencies:
    camel-case "3.0.x"
    clean-css "4.1.x"
    commander "2.14.x"
    he "1.1.x"
    ncname "1.0.x"
    param-case "2.1.x"
    relateurl "0.2.x"
    uglify-js "3.3.x"

json5@^0.5.0:
  version "0.5.1"
  resolved "https://registry.yarnpkg.com/json5/-/json5-0.5.1.tgz#1eade7acc012034ad84e2396767ead9fa5495821"

loader-utils@^1.1.0:
  version "1.1.0"
  resolved "https://registry.yarnpkg.com/loader-utils/-/loader-utils-1.1.0.tgz#c98aef488bcceda2ffb5e2de646d6a754429f5cd"
  dependencies:
    big.js "^3.1.3"
    emojis-list "^2.0.0"
    json5 "^0.5.0"

lower-case@^1.1.1:
  version "1.1.3"
  resolved "https://registry.yarnpkg.com/lower-case/-/lower-case-1.1.3.tgz#c92393d976793eee5ba4edb583cf8eae35bd9bfb"

minimatch@^3.0.4:
  version "3.0.4"
  resolved "https://registry.yarnpkg.com/minimatch/-/minimatch-3.0.4.tgz#5166e286457f03306064be5497e8dbb0c3d32083"
  dependencies:
    brace-expansion "^1.1.7"

ncname@1.0.x:
  version "1.0.0"
  resolved "https://registry.yarnpkg.com/ncname/-/ncname-1.0.0.tgz#5b57ad18b1ca092864ef62b0b1ed8194f383b71c"
  dependencies:
    xml-char-classes "^1.0.0"

no-case@^2.2.0:
  version "2.3.1"
  resolved "https://registry.yarnpkg.com/no-case/-/no-case-2.3.1.tgz#7aeba1c73a52184265554b7dc03baf720df80081"
  dependencies:
    lower-case "^1.1.1"

object-assign@^4.1.1:
  version "4.1.1"
  resolved "https://registry.yarnpkg.com/object-assign/-/object-assign-4.1.1.tgz#2109adc7965887cfc05cbbd442cac8bfbb360863"

param-case@2.1.x:
  version "2.1.0"
  resolved "https://registry.yarnpkg.com/param-case/-/param-case-2.1.0.tgz#2619f90fd6c829ed0b958f1c84ed03a745a6d70a"
  dependencies:
    no-case "^2.2.0"

private@~0.1.5:
  version "0.1.6"
  resolved "https://registry.yarnpkg.com/private/-/private-0.1.6.tgz#55c6a976d0f9bafb9924851350fe47b9b5fbb7c1"

recast@~0.11.12:
  version "0.11.20"
  resolved "https://registry.yarnpkg.com/recast/-/recast-0.11.20.tgz#2cb9bec269c03b36d0598118a936cd0a293ca3f3"
  dependencies:
    ast-types "0.9.4"
    esprima "~3.1.0"
    private "~0.1.5"
    source-map "~0.5.0"

relateurl@0.2.x:
  version "0.2.7"
  resolved "https://registry.yarnpkg.com/relateurl/-/relateurl-0.2.7.tgz#54dbf377e51440aca90a4cd274600d3ff2d888a9"

source-map@0.5.x, source-map@~0.5.0:
  version "0.5.6"
  resolved "https://registry.yarnpkg.com/source-map/-/source-map-0.5.6.tgz#75ce38f52bf0733c5a7f0c118d81334a2bb5f412"

source-map@~0.6.1:
  version "0.6.1"
  resolved "https://registry.yarnpkg.com/source-map/-/source-map-0.6.1.tgz#74722af32e9614e9c287a8d0bbde48b5e2f1a263"

through@~2.3.6:
  version "2.3.8"
  resolved "https://registry.yarnpkg.com/through/-/through-2.3.8.tgz#0dd4c9ffaabc357960b1b724115d7e0e86a2e1f5"

typescript@^2.7.2:
  version "2.7.2"
  resolved "https://registry.yarnpkg.com/typescript/-/typescript-2.7.2.tgz#2d615a1ef4aee4f574425cdff7026edf81919836"

uglify-js@3.3.x:
  version "3.3.12"
  resolved "https://registry.yarnpkg.com/uglify-js/-/uglify-js-3.3.12.tgz#efd87c16a1f4c674a8a5ede571001ef634dcc883"
  dependencies:
    commander "~2.14.1"
    source-map "~0.6.1"

upper-case@^1.1.1:
  version "1.1.3"
  resolved "https://registry.yarnpkg.com/upper-case/-/upper-case-1.1.3.tgz#f6b4501c2ec4cdd26ba78be7222961de77621598"

xml-char-classes@^1.0.0:
  version "1.0.0"
  resolved "https://registry.yarnpkg.com/xml-char-classes/-/xml-char-classes-1.0.0.tgz#64657848a20ffc5df583a42ad8a277b4512bbc4d"
